
Microsoft Visual Studio Solution File, Format Version 12.00
# Visual Studio Version 16
VisualStudioVersion = 16.0.30503.244
MinimumVisualStudioVersion = 10.0.40219.1
Project("{FAE04EC0-301F-11D3-BF4B-00C04F79EFBC}") = "LeaveManagementSystem", "LeaveManagementSystem\LeaveManagementSystem.csproj", "{9E52C8DD-EF40-44B7-9A12-A25D63E96065}"
EndProject
Global
	GlobalSection(SolutionConfigurationPlatforms) = preSolution
		Debug|Any CPU = Debug|Any CPU
		Release|Any CPU = Release|Any CPU
	EndGlobalSection
	GlobalSection(ProjectConfigurationPlatforms) = postSolution
		{9E52C8DD-EF40-44B7-9A12-A25D63E96065}.Debug|Any CPU.ActiveCfg = Debug|Any CPU
		{9E52C8DD-EF40-44B7-9A12-A25D63E96065}.Debug|Any CPU.Build.0 = Debug|Any CPU
		{9E52C8DD-EF40-44B7-9A12-A25D63E96065}.Release|Any CPU.ActiveCfg = Release|Any CPU
		{9E52C8DD-EF40-44B7-9A12-A25D63E96065}.Release|Any CPU.Build.0 = Release|Any CPU
	EndGlobalSection
	GlobalSection(SolutionProperties) = preSolution
		HideSolutionNode = FALSE
	EndGlobalSection
	GlobalSection(ExtensibilityGlobals) = postSolution
		SolutionGuid = {0C0FED44-1B14-44E4-81D8-B36F028D749B}
	EndGlobalSection
EndGlobal
